
Microsoft Visual Studio Solution File, Format Version 12.00
# Visual Studio Version 17
VisualStudioVersion = 17.11.35208.52
MinimumVisualStudioVersion = 10.0.40219.1
Project("{9A19103F-16F7-4668-BE54-9A1E7A4F7556}") = "ToDoList.EndPoint", "ToDoList.Server\ToDoList.EndPoint.csproj", "{943FCD06-AFA6-4183-929D-ADD70D12F328}"
EndProject
Project("{9A19103F-16F7-4668-BE54-9A1E7A4F7556}") = "ToDiList.Domain", "ToDiList.Domain\ToDiList.Domain.csproj", "{C6BB60EE-0E2C-4E96-B999-8F2A330A4F7E}"
EndProject
Project("{9A19103F-16F7-4668-BE54-9A1E7A4F7556}") = "ToDoList.Application", "ToDoList.Application\ToDoList.Application.csproj", "{D014F7C4-8A26-46B5-A2BF-0F8F8046D61F}"
EndProject
Project("{9A19103F-16F7-4668-BE54-9A1E7A4F7556}") = "ToDoList.Persistense", "Persistense\ToDoList.Persistense.csproj", "{963D6194-1A02-4899-BB0A-60BC18F65205}"
EndProject
Project("{9A19103F-16F7-4668-BE54-9A1E7A4F7556}") = "ToDoList.Identity", "ToDoList.Identity\ToDoList.Identity.csproj", "{77C577D9-5165-4751-BE2E-E22602BA03D1}"
EndProject
Project("{2150E333-8FDC-42A3-9474-1A3956D46DE8}") = "IdentityLayer", "IdentityLayer", "{FCF230E2-FE4C-47DB-A78F-65BFFC4025ED}"
EndProject
Project("{2150E333-8FDC-42A3-9474-1A3956D46DE8}") = "PersistenseLayer", "PersistenseLayer", "{270DA2DC-DA9D-4F78-B653-802B1B026381}"
EndProject
Global
	GlobalSection(SolutionConfigurationPlatforms) = preSolution
		Debug|Any CPU = Debug|Any CPU
		Release|Any CPU = Release|Any CPU
	EndGlobalSection
	GlobalSection(ProjectConfigurationPlatforms) = postSolution
		{943FCD06-AFA6-4183-929D-ADD70D12F328}.Debug|Any CPU.ActiveCfg = Debug|Any CPU
		{943FCD06-AFA6-4183-929D-ADD70D12F328}.Debug|Any CPU.Build.0 = Debug|Any CPU
		{943FCD06-AFA6-4183-929D-ADD70D12F328}.Release|Any CPU.ActiveCfg = Release|Any CPU
		{943FCD06-AFA6-4183-929D-ADD70D12F328}.Release|Any CPU.Build.0 = Release|Any CPU
		{C6BB60EE-0E2C-4E96-B999-8F2A330A4F7E}.Debug|Any CPU.ActiveCfg = Debug|Any CPU
		{C6BB60EE-0E2C-4E96-B999-8F2A330A4F7E}.Debug|Any CPU.Build.0 = Debug|Any CPU
		{C6BB60EE-0E2C-4E96-B999-8F2A330A4F7E}.Release|Any CPU.ActiveCfg = Release|Any CPU
		{C6BB60EE-0E2C-4E96-B999-8F2A330A4F7E}.Release|Any CPU.Build.0 = Release|Any CPU
		{D014F7C4-8A26-46B5-A2BF-0F8F8046D61F}.Debug|Any CPU.ActiveCfg = Debug|Any CPU
		{D014F7C4-8A26-46B5-A2BF-0F8F8046D61F}.Debug|Any CPU.Build.0 = Debug|Any CPU
		{D014F7C4-8A26-46B5-A2BF-0F8F8046D61F}.Release|Any CPU.ActiveCfg = Release|Any CPU
		{D014F7C4-8A26-46B5-A2BF-0F8F8046D61F}.Release|Any CPU.Build.0 = Release|Any CPU
		{963D6194-1A02-4899-BB0A-60BC18F65205}.Debug|Any CPU.ActiveCfg = Debug|Any CPU
		{963D6194-1A02-4899-BB0A-60BC18F65205}.Debug|Any CPU.Build.0 = Debug|Any CPU
		{963D6194-1A02-4899-BB0A-60BC18F65205}.Release|Any CPU.ActiveCfg = Release|Any CPU
		{963D6194-1A02-4899-BB0A-60BC18F65205}.Release|Any CPU.Build.0 = Release|Any CPU
		{77C577D9-5165-4751-BE2E-E22602BA03D1}.Debug|Any CPU.ActiveCfg = Debug|Any CPU
		{77C577D9-5165-4751-BE2E-E22602BA03D1}.Debug|Any CPU.Build.0 = Debug|Any CPU
		{77C577D9-5165-4751-BE2E-E22602BA03D1}.Release|Any CPU.ActiveCfg = Release|Any CPU
		{77C577D9-5165-4751-BE2E-E22602BA03D1}.Release|Any CPU.Build.0 = Release|Any CPU
	EndGlobalSection
	GlobalSection(SolutionProperties) = preSolution
		HideSolutionNode = FALSE
	EndGlobalSection
	GlobalSection(NestedProjects) = preSolution
		{963D6194-1A02-4899-BB0A-60BC18F65205} = {270DA2DC-DA9D-4F78-B653-802B1B026381}
		{77C577D9-5165-4751-BE2E-E22602BA03D1} = {FCF230E2-FE4C-47DB-A78F-65BFFC4025ED}
	EndGlobalSection
	GlobalSection(ExtensibilityGlobals) = postSolution
		SolutionGuid = {E07A6835-E553-4B77-9EDF-630508963B5B}
	EndGlobalSection
EndGlobal
