
Microsoft Visual Studio Solution File, Format Version 12.00
# Visual Studio Version 17
VisualStudioVersion = 17.11.35312.102
MinimumVisualStudioVersion = 10.0.40219.1
Project("{9A19103F-16F7-4668-BE54-9A1E7A4F7556}") = "TaskManager", "TaskManager.csproj", "{4D57C99C-122F-471D-ABBD-D6F78F7003BF}"
EndProject
Project("{FAE04EC0-301F-11D3-BF4B-00C04F79EFBC}") = "TaskManager.Domain", "..\TaskManager.Domain\TaskManager.Domain.csproj", "{104AE1B1-8F03-4623-8571-DFDFE80CAC90}"
EndProject
Global
	GlobalSection(SolutionConfigurationPlatforms) = preSolution
		Debug|Any CPU = Debug|Any CPU
		Release|Any CPU = Release|Any CPU
	EndGlobalSection
	GlobalSection(ProjectConfigurationPlatforms) = postSolution
		{4D57C99C-122F-471D-ABBD-D6F78F7003BF}.Debug|Any CPU.ActiveCfg = Debug|Any CPU
		{4D57C99C-122F-471D-ABBD-D6F78F7003BF}.Debug|Any CPU.Build.0 = Debug|Any CPU
		{4D57C99C-122F-471D-ABBD-D6F78F7003BF}.Release|Any CPU.ActiveCfg = Release|Any CPU
		{4D57C99C-122F-471D-ABBD-D6F78F7003BF}.Release|Any CPU.Build.0 = Release|Any CPU
		{104AE1B1-8F03-4623-8571-DFDFE80CAC90}.Debug|Any CPU.ActiveCfg = Debug|Any CPU
		{104AE1B1-8F03-4623-8571-DFDFE80CAC90}.Debug|Any CPU.Build.0 = Debug|Any CPU
		{104AE1B1-8F03-4623-8571-DFDFE80CAC90}.Release|Any CPU.ActiveCfg = Release|Any CPU
		{104AE1B1-8F03-4623-8571-DFDFE80CAC90}.Release|Any CPU.Build.0 = Release|Any CPU
	EndGlobalSection
	GlobalSection(SolutionProperties) = preSolution
		HideSolutionNode = FALSE
	EndGlobalSection
	GlobalSection(ExtensibilityGlobals) = postSolution
		SolutionGuid = {446D9306-4099-4C88-9615-7B91165E6D01}
	EndGlobalSection
EndGlobal
